// !$*UTF8*$!
{
	archiveVersion = 1;
	classes = {
	};
	objectVersion = 77;
	objects = {

/* Begin PBXBuildFile section */
		7A00000E2FD2B00100A10001 /* SelovaLiveActivity.appex in Embed Foundation Extensions */ = {isa = PBXBuildFile; fileRef = 7A0000022FD2B00100A10001 /* SelovaLiveActivity.appex */; settings = {ATTRIBUTES = (RemoveHeadersOnCopy, ); }; };
		7A0000122FD2B00100A10001 /* StudyResumeActivityAttributes.swift in Sources */ = {isa = PBXBuildFile; fileRef = 7A0000102FD2B00100A10001 /* StudyResumeActivityAttributes.swift */; };
		7A0000132FD2B00100A10001 /* StudyResumeActivityAttributes.swift in Sources */ = {isa = PBXBuildFile; fileRef = 7A0000102FD2B00100A10001 /* StudyResumeActivityAttributes.swift */; };
		7A0000142FD2B00100A10001 /* PostHog in Frameworks */ = {isa = PBXBuildFile; productRef = 7A0000152FD2B00100A10001 /* PostHog */; };
/* End PBXBuildFile section */

/* Begin PBXContainerItemProxy section */
		7A0000052FD2B00100A10001 /* PBXContainerItemProxy */ = {
			isa = PBXContainerItemProxy;
			containerPortal = 8E860E282FC59E4C00D2BC2B /* Project object */;
			proxyType = 1;
			remoteGlobalIDString = 7A0000012FD2B00100A10001;
			remoteInfo = SelovaLiveActivity;
		};
		8EA1000B2FD2B00100A1000B /* PBXContainerItemProxy */ = {
			isa = PBXContainerItemProxy;
			containerPortal = 8E860E282FC59E4C00D2BC2B /* Project object */;
			proxyType = 1;
			remoteGlobalIDString = 8E860E2F2FC59E4C00D2BC2B;
			remoteInfo = FocusVideoApp;
		};
/* End PBXContainerItemProxy section */

/* Begin PBXCopyFilesBuildPhase section */
		7A00000F2FD2B00100A10001 /* Embed Foundation Extensions */ = {
			isa = PBXCopyFilesBuildPhase;
			buildActionMask = 2147483647;
			dstPath = "";
			dstSubfolderSpec = 13;
			files = (
				7A00000E2FD2B00100A10001 /* SelovaLiveActivity.appex in Embed Foundation Extensions */,
			);
			name = "Embed Foundation Extensions";
			runOnlyForDeploymentPostprocessing = 0;
		};
/* End PBXCopyFilesBuildPhase section */

/* Begin PBXFileReference section */
		7A0000022FD2B00100A10001 /* SelovaLiveActivity.appex */ = {isa = PBXFileReference; explicitFileType = "wrapper.app-extension"; includeInIndex = 0; path = SelovaLiveActivity.appex; sourceTree = BUILT_PRODUCTS_DIR; };
		7A0000102FD2B00100A10001 /* StudyResumeActivityAttributes.swift */ = {isa = PBXFileReference; lastKnownFileType = sourcecode.swift; path = StudyResumeActivityAttributes.swift; sourceTree = "<group>"; };
		8E250AF42FD5915A0082C8AC /* FocusVideoApp.xcodeproj */ = {isa = PBXFileReference; lastKnownFileType = "wrapper.pb-project"; path = FocusVideoApp.xcodeproj; sourceTree = "<group>"; };
		8E860E302FC59E4C00D2BC2B /* FocusVideoApp.app */ = {isa = PBXFileReference; explicitFileType = wrapper.application; includeInIndex = 0; path = FocusVideoApp.app; sourceTree = BUILT_PRODUCTS_DIR; };
		8EA100012FD2B00100A10001 /* FocusVideoAppTests.xctest */ = {isa = PBXFileReference; explicitFileType = wrapper.cfbundle; includeInIndex = 0; path = FocusVideoAppTests.xctest; sourceTree = BUILT_PRODUCTS_DIR; };
		8EEACC5B2FD424F5004F0442 /* FocusVideoApp.xcodeproj */ = {isa = PBXFileReference; lastKnownFileType = "wrapper.pb-project"; path = FocusVideoApp.xcodeproj; sourceTree = "<group>"; };
/* End PBXFileReference section */

/* Begin PBXFileSystemSynchronizedRootGroup section */
		7A0000032FD2B00100A10001 /* SelovaLiveActivity */ = {
			isa = PBXFileSystemSynchronizedRootGroup;
			path = SelovaLiveActivity;
			sourceTree = "<group>";
		};
		8E860E322FC59E4C00D2BC2B /* FocusVideoApp */ = {
			isa = PBXFileSystemSynchronizedRootGroup;
			path = FocusVideoApp;
			sourceTree = "<group>";
		};
		8EA100062FD2B00100A10006 /* FocusVideoAppTests */ = {
			isa = PBXFileSystemSynchronizedRootGroup;
			path = FocusVideoAppTests;
			sourceTree = "<group>";
		};
/* End PBXFileSystemSynchronizedRootGroup section */

/* Begin PBXFrameworksBuildPhase section */
		7A0000062FD2B00100A10001 /* Frameworks */ = {
			isa = PBXFrameworksBuildPhase;
			buildActionMask = 2147483647;
			files = (
			);
			runOnlyForDeploymentPostprocessing = 0;
		};
		8E860E2D2FC59E4C00D2BC2B /* Frameworks */ = {
			isa = PBXFrameworksBuildPhase;
			buildActionMask = 2147483647;
			files = (
				7A0000142FD2B00100A10001 /* PostHog in Frameworks */,
			);
			runOnlyForDeploymentPostprocessing = 0;
		};
		8EA100032FD2B00100A10003 /* Frameworks */ = {
			isa = PBXFrameworksBuildPhase;
			buildActionMask = 2147483647;
			files = (
			);
			runOnlyForDeploymentPostprocessing = 0;
		};
/* End PBXFrameworksBuildPhase section */

/* Begin PBXGroup section */
		7A0000112FD2B00100A10001 /* Shared */ = {
			isa = PBXGroup;
			children = (
				7A0000102FD2B00100A10001 /* StudyResumeActivityAttributes.swift */,
			);
			path = Shared;
			sourceTree = "<group>";
		};
		8E250AFC2FD5915A0082C8AC /* Products */ = {
			isa = PBXGroup;
			name = Products;
			sourceTree = "<group>";
		};
		8E860E272FC59E4C00D2BC2B = {
			isa = PBXGroup;
			children = (
				8E860E322FC59E4C00D2BC2B /* FocusVideoApp */,
				8EA100062FD2B00100A10006 /* FocusVideoAppTests */,
				7A0000032FD2B00100A10001 /* SelovaLiveActivity */,
				7A0000112FD2B00100A10001 /* Shared */,
				8E860E312FC59E4C00D2BC2B /* Products */,
			);
			sourceTree = "<group>";
		};
		8E860E312FC59E4C00D2BC2B /* Products */ = {
			isa = PBXGroup;
			children = (
				8E860E302FC59E4C00D2BC2B /* FocusVideoApp.app */,
				8EA100012FD2B00100A10001 /* FocusVideoAppTests.xctest */,
				7A0000022FD2B00100A10001 /* SelovaLiveActivity.appex */,
			);
			name = Products;
			sourceTree = "<group>";
		};
		8EEACC622FD424F5004F0442 /* Products */ = {
			isa = PBXGroup;
			name = Products;
			sourceTree = "<group>";
		};
/* End PBXGroup section */

/* Begin PBXNativeTarget section */
		7A0000012FD2B00100A10001 /* SelovaLiveActivity */ = {
			isa = PBXNativeTarget;
			buildConfigurationList = 7A00000A2FD2B00100A10001 /* Build configuration list for PBXNativeTarget "SelovaLiveActivity" */;
			buildPhases = (
				7A0000042FD2B00100A10001 /* Sources */,
				7A0000062FD2B00100A10001 /* Frameworks */,
				7A0000072FD2B00100A10001 /* Resources */,
			);
			buildRules = (
			);
			dependencies = (
			);
			fileSystemSynchronizedGroups = (
				7A0000032FD2B00100A10001 /* SelovaLiveActivity */,
			);
			name = SelovaLiveActivity;
			packageProductDependencies = (
			);
			productName = SelovaLiveActivity;
			productReference = 7A0000022FD2B00100A10001 /* SelovaLiveActivity.appex */;
			productType = "com.apple.product-type.app-extension";
		};
		8E860E2F2FC59E4C00D2BC2B /* FocusVideoApp */ = {
			isa = PBXNativeTarget;
			buildConfigurationList = 8E860E3B2FC59E4C00D2BC2B /* Build configuration list for PBXNativeTarget "FocusVideoApp" */;
			buildPhases = (
				8E860E2C2FC59E4C00D2BC2B /* Sources */,
				8E860E2D2FC59E4C00D2BC2B /* Frameworks */,
				8E860E2E2FC59E4C00D2BC2B /* Resources */,
				7A00000F2FD2B00100A10001 /* Embed Foundation Extensions */,
			);
			buildRules = (
			);
			dependencies = (
				7A00000D2FD2B00100A10001 /* PBXTargetDependency */,
			);
			fileSystemSynchronizedGroups = (
				8E860E322FC59E4C00D2BC2B /* FocusVideoApp */,
			);
			name = FocusVideoApp;
			packageProductDependencies = (
				7A0000152FD2B00100A10001 /* PostHog */,
			);
			productName = FocusVideoApp;
			productReference = 8E860E302FC59E4C00D2BC2B /* FocusVideoApp.app */;
			productType = "com.apple.product-type.application";
		};
		8EA100022FD2B00100A10002 /* FocusVideoAppTests */ = {
			isa = PBXNativeTarget;
			buildConfigurationList = 8EA1000F2FD2B00100A1000F /* Build configuration list for PBXNativeTarget "FocusVideoAppTests" */;
			buildPhases = (
				8EA100042FD2B00100A10004 /* Sources */,
				8EA100032FD2B00100A10003 /* Frameworks */,
				8EA100052FD2B00100A10005 /* Resources */,
			);
			buildRules = (
			);
			dependencies = (
				8EA1000C2FD2B00100A1000C /* PBXTargetDependency */,
			);
			fileSystemSynchronizedGroups = (
				8EA100062FD2B00100A10006 /* FocusVideoAppTests */,
			);
			name = FocusVideoAppTests;
			packageProductDependencies = (
			);
			productName = FocusVideoAppTests;
			productReference = 8EA100012FD2B00100A10001 /* FocusVideoAppTests.xctest */;
			productType = "com.apple.product-type.bundle.unit-test";
		};
/* End PBXNativeTarget section */

/* Begin PBXProject section */
		8E860E282FC59E4C00D2BC2B /* Project object */ = {
			isa = PBXProject;
			attributes = {
				BuildIndependentTargetsInParallel = 1;
				LastSwiftUpdateCheck = 2650;
				LastUpgradeCheck = 2650;
				TargetAttributes = {
					7A0000012FD2B00100A10001 = {
						CreatedOnToolsVersion = 26.5;
					};
					8E860E2F2FC59E4C00D2BC2B = {
						CreatedOnToolsVersion = 26.5;
					};
					8EA100022FD2B00100A10002 = {
						CreatedOnToolsVersion = 26.5;
						TestTargetID = 8E860E2F2FC59E4C00D2BC2B;
					};
				};
			};
			buildConfigurationList = 8E860E2B2FC59E4C00D2BC2B /* Build configuration list for PBXProject "FocusVideoApp" */;
			developmentRegion = ja;
			hasScannedForEncodings = 0;
			knownRegions = (
				en,
				Base,
				ja,
			);
			mainGroup = 8E860E272FC59E4C00D2BC2B;
			minimizedProjectReferenceProxies = 1;
			packageReferences = (
				7A0000162FD2B00100A10001 /* XCRemoteSwiftPackageReference "posthog-ios" */,
			);
			preferredProjectObjectVersion = 77;
			productRefGroup = 8E860E312FC59E4C00D2BC2B /* Products */;
			projectDirPath = "";
			projectReferences = (
				{
					ProductGroup = 8E250AFC2FD5915A0082C8AC /* Products */;
					ProjectRef = 8E250AF42FD5915A0082C8AC /* FocusVideoApp.xcodeproj */;
				},
				{
					ProductGroup = 8EEACC622FD424F5004F0442 /* Products */;
					ProjectRef = 8EEACC5B2FD424F5004F0442 /* FocusVideoApp.xcodeproj */;
				},
			);
			projectRoot = "";
			targets = (
				8E860E2F2FC59E4C00D2BC2B /* FocusVideoApp */,
				8EA100022FD2B00100A10002 /* FocusVideoAppTests */,
				7A0000012FD2B00100A10001 /* SelovaLiveActivity */,
			);
		};
/* End PBXProject section */

/* Begin PBXResourcesBuildPhase section */
		7A0000072FD2B00100A10001 /* Resources */ = {
			isa = PBXResourcesBuildPhase;
			buildActionMask = 2147483647;
			files = (
			);
			runOnlyForDeploymentPostprocessing = 0;
		};
		8E860E2E2FC59E4C00D2BC2B /* Resources */ = {
			isa = PBXResourcesBuildPhase;
			buildActionMask = 2147483647;
			files = (
			);
			runOnlyForDeploymentPostprocessing = 0;
		};
		8EA100052FD2B00100A10005 /* Resources */ = {
			isa = PBXResourcesBuildPhase;
			buildActionMask = 2147483647;
			files = (
			);
			runOnlyForDeploymentPostprocessing = 0;
		};
/* End PBXResourcesBuildPhase section */

/* Begin PBXSourcesBuildPhase section */
		7A0000042FD2B00100A10001 /* Sources */ = {
			isa = PBXSourcesBuildPhase;
			buildActionMask = 2147483647;
			files = (
				7A0000122FD2B00100A10001 /* StudyResumeActivityAttributes.swift in Sources */,
			);
			runOnlyForDeploymentPostprocessing = 0;
		};
		8E860E2C2FC59E4C00D2BC2B /* Sources */ = {
			isa = PBXSourcesBuildPhase;
			buildActionMask = 2147483647;
			files = (
				7A0000132FD2B00100A10001 /* StudyResumeActivityAttributes.swift in Sources */,
			);
			runOnlyForDeploymentPostprocessing = 0;
		};
		8EA100042FD2B00100A10004 /* Sources */ = {
			isa = PBXSourcesBuildPhase;
			buildActionMask = 2147483647;
			files = (
			);
			runOnlyForDeploymentPostprocessing = 0;
		};
/* End PBXSourcesBuildPhase section */

/* Begin PBXTargetDependency section */
		7A00000D2FD2B00100A10001 /* PBXTargetDependency */ = {
			isa = PBXTargetDependency;
			target = 7A0000012FD2B00100A10001 /* SelovaLiveActivity */;
			targetProxy = 7A0000052FD2B00100A10001 /* PBXContainerItemProxy */;
		};
		8EA1000C2FD2B00100A1000C /* PBXTargetDependency */ = {
			isa = PBXTargetDependency;
			target = 8E860E2F2FC59E4C00D2BC2B /* FocusVideoApp */;
			targetProxy = 8EA1000B2FD2B00100A1000B /* PBXContainerItemProxy */;
		};
/* End PBXTargetDependency section */

/* Begin XCBuildConfiguration section */
		7A0000082FD2B00100A10001 /* Debug */ = {
			isa = XCBuildConfiguration;
			buildSettings = {
				CODE_SIGN_STYLE = Automatic;
				CURRENT_PROJECT_VERSION = 1;
				DEVELOPMENT_TEAM = ZXPF859N6C;
				GENERATE_INFOPLIST_FILE = NO;
				INFOPLIST_FILE = "SelovaLiveActivity-Info.plist";
				IPHONEOS_DEPLOYMENT_TARGET = 26.5;
				LD_RUNPATH_SEARCH_PATHS = (
					"$(inherited)",
					"@executable_path/Frameworks",
					"@executable_path/../../Frameworks",
				);
				MARKETING_VERSION = 1.0;
				PRODUCT_BUNDLE_IDENTIFIER = com.Itaru.Selova.LiveActivity;
				PRODUCT_NAME = "$(TARGET_NAME)";
				SKIP_INSTALL = YES;
				SWIFT_VERSION = 5.0;
				TARGETED_DEVICE_FAMILY = "1,2";
			};
			name = Debug;
		};
		7A0000092FD2B00100A10001 /* Release */ = {
			isa = XCBuildConfiguration;
			buildSettings = {
				CODE_SIGN_STYLE = Automatic;
				CURRENT_PROJECT_VERSION = 1;
				DEVELOPMENT_TEAM = ZXPF859N6C;
				GENERATE_INFOPLIST_FILE = NO;
				INFOPLIST_FILE = "SelovaLiveActivity-Info.plist";
				IPHONEOS_DEPLOYMENT_TARGET = 26.5;
				LD_RUNPATH_SEARCH_PATHS = (
					"$(inherited)",
					"@executable_path/Frameworks",
					"@executable_path/../../Frameworks",
				);
				MARKETING_VERSION = 1.0;
				PRODUCT_BUNDLE_IDENTIFIER = com.Itaru.Selova.LiveActivity;
				PRODUCT_NAME = "$(TARGET_NAME)";
				SKIP_INSTALL = YES;
				SWIFT_VERSION = 5.0;
				TARGETED_DEVICE_FAMILY = "1,2";
			};
			name = Release;
		};
		8E860E392FC59E4C00D2BC2B /* Debug */ = {
			isa = XCBuildConfiguration;
			buildSettings = {
				ALWAYS_SEARCH_USER_PATHS = NO;
				ASSETCATALOG_COMPILER_GENERATE_SWIFT_ASSET_SYMBOL_EXTENSIONS = YES;
				CLANG_ANALYZER_NONNULL = YES;
				CLANG_ANALYZER_NUMBER_OBJECT_CONVERSION = YES_AGGRESSIVE;
				CLANG_CXX_LANGUAGE_STANDARD = "gnu++20";
				CLANG_ENABLE_MODULES = YES;
				CLANG_ENABLE_OBJC_ARC = YES;
				CLANG_ENABLE_OBJC_WEAK = YES;
				CLANG_WARN_BLOCK_CAPTURE_AUTORELEASING = YES;
				CLANG_WARN_BOOL_CONVERSION = YES;
				CLANG_WARN_COMMA = YES;
				CLANG_WARN_CONSTANT_CONVERSION = YES;
				CLANG_WARN_DEPRECATED_OBJC_IMPLEMENTATIONS = YES;
				CLANG_WARN_DIRECT_OBJC_ISA_USAGE = YES_ERROR;
				CLANG_WARN_DOCUMENTATION_COMMENTS = YES;
				CLANG_WARN_EMPTY_BODY = YES;
				CLANG_WARN_ENUM_CONVERSION = YES;
				CLANG_WARN_INFINITE_RECURSION = YES;
				CLANG_WARN_INT_CONVERSION = YES;
				CLANG_WARN_NON_LITERAL_NULL_CONVERSION = YES;
				CLANG_WARN_OBJC_IMPLICIT_RETAIN_SELF = YES;
				CLANG_WARN_OBJC_LITERAL_CONVERSION = YES;
				CLANG_WARN_OBJC_ROOT_CLASS = YES_ERROR;
				CLANG_WARN_QUOTED_INCLUDE_IN_FRAMEWORK_HEADER = YES;
				CLANG_WARN_RANGE_LOOP_ANALYSIS = YES;
				CLANG_WARN_STRICT_PROTOTYPES = YES;
				CLANG_WARN_SUSPICIOUS_MOVE = YES;
				CLANG_WARN_UNGUARDED_AVAILABILITY = YES_AGGRESSIVE;
				CLANG_WARN_UNREACHABLE_CODE = YES;
				CLANG_WARN__DUPLICATE_METHOD_MATCH = YES;
				COPY_PHASE_STRIP = NO;
				DEBUG_INFORMATION_FORMAT = dwarf;
				DEVELOPMENT_TEAM = ZXPF859N6C;
				ENABLE_STRICT_OBJC_MSGSEND = YES;
				ENABLE_TESTABILITY = YES;
				ENABLE_USER_SCRIPT_SANDBOXING = YES;
				GCC_C_LANGUAGE_STANDARD = gnu17;
				GCC_DYNAMIC_NO_PIC = NO;
				GCC_NO_COMMON_BLOCKS = YES;
				GCC_OPTIMIZATION_LEVEL = 0;
				GCC_PREPROCESSOR_DEFINITIONS = (
					"DEBUG=1",
					"$(inherited)",
				);
				GCC_WARN_64_TO_32_BIT_CONVERSION = YES;
				GCC_WARN_ABOUT_RETURN_TYPE = YES_ERROR;
				GCC_WARN_UNDECLARED_SELECTOR = YES;
				GCC_WARN_UNINITIALIZED_AUTOS = YES_AGGRESSIVE;
				GCC_WARN_UNUSED_FUNCTION = YES;
				GCC_WARN_UNUSED_VARIABLE = YES;
				IPHONEOS_DEPLOYMENT_TARGET = 26.5;
				LOCALIZATION_PREFERS_STRING_CATALOGS = YES;
				MTL_ENABLE_DEBUG_INFO = INCLUDE_SOURCE;
				MTL_FAST_MATH = YES;
				ONLY_ACTIVE_ARCH = YES;
				SDKROOT = iphoneos;
				SWIFT_ACTIVE_COMPILATION_CONDITIONS = "DEBUG $(inherited)";
				SWIFT_OPTIMIZATION_LEVEL = "-Onone";
			};
			name = Debug;
		};
		8E860E3A2FC59E4C00D2BC2B /* Release */ = {
			isa = XCBuildConfiguration;
			buildSettings = {
				ALWAYS_SEARCH_USER_PATHS = NO;
				ASSETCATALOG_COMPILER_GENERATE_SWIFT_ASSET_SYMBOL_EXTENSIONS = YES;
				CLANG_ANALYZER_NONNULL = YES;
				CLANG_ANALYZER_NUMBER_OBJECT_CONVERSION = YES_AGGRESSIVE;
				CLANG_CXX_LANGUAGE_STANDARD = "gnu++20";
				CLANG_ENABLE_MODULES = YES;
				CLANG_ENABLE_OBJC_ARC = YES;
				CLANG_ENABLE_OBJC_WEAK = YES;
				CLANG_WARN_BLOCK_CAPTURE_AUTORELEASING = YES;
				CLANG_WARN_BOOL_CONVERSION = YES;
				CLANG_WARN_COMMA = YES;
				CLANG_WARN_CONSTANT_CONVERSION = YES;
				CLANG_WARN_DEPRECATED_OBJC_IMPLEMENTATIONS = YES;
				CLANG_WARN_DIRECT_OBJC_ISA_USAGE = YES_ERROR;
				CLANG_WARN_DOCUMENTATION_COMMENTS = YES;
				CLANG_WARN_EMPTY_BODY = YES;
				CLANG_WARN_ENUM_CONVERSION = YES;
				CLANG_WARN_INFINITE_RECURSION = YES;
				CLANG_WARN_INT_CONVERSION = YES;
				CLANG_WARN_NON_LITERAL_NULL_CONVERSION = YES;
				CLANG_WARN_OBJC_IMPLICIT_RETAIN_SELF = YES;
				CLANG_WARN_OBJC_LITERAL_CONVERSION = YES;
				CLANG_WARN_OBJC_ROOT_CLASS = YES_ERROR;
				CLANG_WARN_QUOTED_INCLUDE_IN_FRAMEWORK_HEADER = YES;
				CLANG_WARN_RANGE_LOOP_ANALYSIS = YES;
				CLANG_WARN_STRICT_PROTOTYPES = YES;
				CLANG_WARN_SUSPICIOUS_MOVE = YES;
				CLANG_WARN_UNGUARDED_AVAILABILITY = YES_AGGRESSIVE;
				CLANG_WARN_UNREACHABLE_CODE = YES;
				CLANG_WARN__DUPLICATE_METHOD_MATCH = YES;
				COPY_PHASE_STRIP = NO;
				DEBUG_INFORMATION_FORMAT = "dwarf-with-dsym";
				DEVELOPMENT_TEAM = ZXPF859N6C;
				ENABLE_NS_ASSERTIONS = NO;
				ENABLE_STRICT_OBJC_MSGSEND = YES;
				ENABLE_USER_SCRIPT_SANDBOXING = YES;
				GCC_C_LANGUAGE_STANDARD = gnu17;
				GCC_NO_COMMON_BLOCKS = YES;
				GCC_WARN_64_TO_32_BIT_CONVERSION = YES;
				GCC_WARN_ABOUT_RETURN_TYPE = YES_ERROR;
				GCC_WARN_UNDECLARED_SELECTOR = YES;
				GCC_WARN_UNINITIALIZED_AUTOS = YES_AGGRESSIVE;
				GCC_WARN_UNUSED_FUNCTION = YES;
				GCC_WARN_UNUSED_VARIABLE = YES;
				IPHONEOS_DEPLOYMENT_TARGET = 26.5;
				LOCALIZATION_PREFERS_STRING_CATALOGS = YES;
				MTL_ENABLE_DEBUG_INFO = NO;
				MTL_FAST_MATH = YES;
				SDKROOT = iphoneos;
				SWIFT_COMPILATION_MODE = wholemodule;
				VALIDATE_PRODUCT = YES;
			};
			name = Release;
		};
		8E860E3C2FC59E4C00D2BC2B /* Debug */ = {
			isa = XCBuildConfiguration;
			buildSettings = {
				ASSETCATALOG_COMPILER_APPICON_NAME = AppIcon;
				ASSETCATALOG_COMPILER_GLOBAL_ACCENT_COLOR_NAME = AccentColor;
				CODE_SIGN_STYLE = Automatic;
				CURRENT_PROJECT_VERSION = 1;
				DEVELOPMENT_TEAM = ZXPF859N6C;
				ENABLE_PREVIEWS = YES;
				GENERATE_INFOPLIST_FILE = YES;
				INFOPLIST_KEY_CFBundleDisplayName = Selova;
				INFOPLIST_KEY_CFBundleName = Selova;
				INFOPLIST_KEY_CFBundleURLTypes = (
					{
						CFBundleTypeRole = Editor;
						CFBundleURLName = "$(PRODUCT_BUNDLE_IDENTIFIER)";
						CFBundleURLSchemes = (
							selova,
						);
					},
				);
				INFOPLIST_KEY_ITSAppUsesNonExemptEncryption = NO;
				INFOPLIST_KEY_NSPhotoLibraryUsageDescription = "学習に使うローカル動画を追加するために写真ライブラリを使用します。";
				INFOPLIST_KEY_NSSupportsLiveActivities = YES;
				INFOPLIST_KEY_UIApplicationSceneManifest_Generation = YES;
				INFOPLIST_KEY_UIApplicationSupportsIndirectInputEvents = YES;
				INFOPLIST_KEY_UILaunchScreen_Generation = YES;
				INFOPLIST_KEY_UISupportedInterfaceOrientations_iPad = "UIInterfaceOrientationPortrait UIInterfaceOrientationPortraitUpsideDown UIInterfaceOrientationLandscapeLeft UIInterfaceOrientationLandscapeRight";
				INFOPLIST_KEY_UISupportedInterfaceOrientations_iPhone = "UIInterfaceOrientationPortrait UIInterfaceOrientationLandscapeLeft UIInterfaceOrientationLandscapeRight";
				LD_RUNPATH_SEARCH_PATHS = (
					"$(inherited)",
					"@executable_path/Frameworks",
				);
				MARKETING_VERSION = 1.0;
				PRODUCT_BUNDLE_IDENTIFIER = com.Itaru.Selova;
				PRODUCT_NAME = "$(TARGET_NAME)";
				STRING_CATALOG_GENERATE_SYMBOLS = YES;
				SWIFT_APPROACHABLE_CONCURRENCY = YES;
				SWIFT_DEFAULT_ACTOR_ISOLATION = MainActor;
				SWIFT_EMIT_LOC_STRINGS = YES;
				SWIFT_UPCOMING_FEATURE_MEMBER_IMPORT_VISIBILITY = YES;
				SWIFT_VERSION = 5.0;
				TARGETED_DEVICE_FAMILY = "1,2";
			};
			name = Debug;
		};
		8E860E3D2FC59E4C00D2BC2B /* Release */ = {
			isa = XCBuildConfiguration;
			buildSettings = {
				ASSETCATALOG_COMPILER_APPICON_NAME = AppIcon;
				ASSETCATALOG_COMPILER_GLOBAL_ACCENT_COLOR_NAME = AccentColor;
				CODE_SIGN_STYLE = Automatic;
				CURRENT_PROJECT_VERSION = 1;
				DEVELOPMENT_TEAM = ZXPF859N6C;
				ENABLE_PREVIEWS = YES;
				GENERATE_INFOPLIST_FILE = YES;
				INFOPLIST_KEY_CFBundleDisplayName = Selova;
				INFOPLIST_KEY_CFBundleName = Selova;
				INFOPLIST_KEY_CFBundleURLTypes = (
					{
						CFBundleTypeRole = Editor;
						CFBundleURLName = "$(PRODUCT_BUNDLE_IDENTIFIER)";
						CFBundleURLSchemes = (
							selova,
						);
					},
				);
				INFOPLIST_KEY_ITSAppUsesNonExemptEncryption = NO;
				INFOPLIST_KEY_NSPhotoLibraryUsageDescription = "学習に使うローカル動画を追加するために写真ライブラリを使用します。";
				INFOPLIST_KEY_NSSupportsLiveActivities = YES;
				INFOPLIST_KEY_UIApplicationSceneManifest_Generation = YES;
				INFOPLIST_KEY_UIApplicationSupportsIndirectInputEvents = YES;
				INFOPLIST_KEY_UILaunchScreen_Generation = YES;
				INFOPLIST_KEY_UISupportedInterfaceOrientations_iPad = "UIInterfaceOrientationPortrait UIInterfaceOrientationPortraitUpsideDown UIInterfaceOrientationLandscapeLeft UIInterfaceOrientationLandscapeRight";
				INFOPLIST_KEY_UISupportedInterfaceOrientations_iPhone = "UIInterfaceOrientationPortrait UIInterfaceOrientationLandscapeLeft UIInterfaceOrientationLandscapeRight";
				LD_RUNPATH_SEARCH_PATHS = (
					"$(inherited)",
					"@executable_path/Frameworks",
				);
				MARKETING_VERSION = 1.0;
				PRODUCT_BUNDLE_IDENTIFIER = com.Itaru.Selova;
				PRODUCT_NAME = "$(TARGET_NAME)";
				STRING_CATALOG_GENERATE_SYMBOLS = YES;
				SWIFT_APPROACHABLE_CONCURRENCY = YES;
				SWIFT_DEFAULT_ACTOR_ISOLATION = MainActor;
				SWIFT_EMIT_LOC_STRINGS = YES;
				SWIFT_UPCOMING_FEATURE_MEMBER_IMPORT_VISIBILITY = YES;
				SWIFT_VERSION = 5.0;
				TARGETED_DEVICE_FAMILY = "1,2";
			};
			name = Release;
		};
		8EA1000D2FD2B00100A1000D /* Debug */ = {
			isa = XCBuildConfiguration;
			buildSettings = {
				BUNDLE_LOADER = "$(TEST_HOST)";
				CODE_SIGN_STYLE = Automatic;
				CURRENT_PROJECT_VERSION = 1;
				DEVELOPMENT_TEAM = ZXPF859N6C;
				GENERATE_INFOPLIST_FILE = YES;
				IPHONEOS_DEPLOYMENT_TARGET = 26.5;
				LD_RUNPATH_SEARCH_PATHS = (
					"$(inherited)",
					"@executable_path/Frameworks",
					"@loader_path/Frameworks",
				);
				MARKETING_VERSION = 1.0;
				PRODUCT_BUNDLE_IDENTIFIER = com.Itaru.SelovaTests;
				PRODUCT_NAME = "$(TARGET_NAME)";
				SDKROOT = iphoneos;
				SWIFT_VERSION = 5.0;
				TARGETED_DEVICE_FAMILY = "1,2";
				TEST_HOST = "$(BUILT_PRODUCTS_DIR)/FocusVideoApp.app/$(BUNDLE_EXECUTABLE_FOLDER_PATH)/FocusVideoApp";
				TEST_TARGET_NAME = FocusVideoApp;
			};
			name = Debug;
		};
		8EA1000E2FD2B00100A1000E /* Release */ = {
			isa = XCBuildConfiguration;
			buildSettings = {
				BUNDLE_LOADER = "$(TEST_HOST)";
				CODE_SIGN_STYLE = Automatic;
				CURRENT_PROJECT_VERSION = 1;
				DEVELOPMENT_TEAM = ZXPF859N6C;
				GENERATE_INFOPLIST_FILE = YES;
				IPHONEOS_DEPLOYMENT_TARGET = 26.5;
				LD_RUNPATH_SEARCH_PATHS = (
					"$(inherited)",
					"@executable_path/Frameworks",
					"@loader_path/Frameworks",
				);
				MARKETING_VERSION = 1.0;
				PRODUCT_BUNDLE_IDENTIFIER = com.Itaru.SelovaTests;
				PRODUCT_NAME = "$(TARGET_NAME)";
				SDKROOT = iphoneos;
				SWIFT_VERSION = 5.0;
				TARGETED_DEVICE_FAMILY = "1,2";
				TEST_HOST = "$(BUILT_PRODUCTS_DIR)/FocusVideoApp.app/$(BUNDLE_EXECUTABLE_FOLDER_PATH)/FocusVideoApp";
				TEST_TARGET_NAME = FocusVideoApp;
			};
			name = Release;
		};
/* End XCBuildConfiguration section */

/* Begin XCConfigurationList section */
		7A00000A2FD2B00100A10001 /* Build configuration list for PBXNativeTarget "SelovaLiveActivity" */ = {
			isa = XCConfigurationList;
			buildConfigurations = (
				7A0000082FD2B00100A10001 /* Debug */,
				7A0000092FD2B00100A10001 /* Release */,
			);
			defaultConfigurationIsVisible = 0;
			defaultConfigurationName = Release;
		};
		8E860E2B2FC59E4C00D2BC2B /* Build configuration list for PBXProject "FocusVideoApp" */ = {
			isa = XCConfigurationList;
			buildConfigurations = (
				8E860E392FC59E4C00D2BC2B /* Debug */,
				8E860E3A2FC59E4C00D2BC2B /* Release */,
			);
			defaultConfigurationIsVisible = 0;
			defaultConfigurationName = Release;
		};
		8E860E3B2FC59E4C00D2BC2B /* Build configuration list for PBXNativeTarget "FocusVideoApp" */ = {
			isa = XCConfigurationList;
			buildConfigurations = (
				8E860E3C2FC59E4C00D2BC2B /* Debug */,
				8E860E3D2FC59E4C00D2BC2B /* Release */,
			);
			defaultConfigurationIsVisible = 0;
			defaultConfigurationName = Release;
		};
		8EA1000F2FD2B00100A1000F /* Build configuration list for PBXNativeTarget "FocusVideoAppTests" */ = {
			isa = XCConfigurationList;
			buildConfigurations = (
				8EA1000D2FD2B00100A1000D /* Debug */,
				8EA1000E2FD2B00100A1000E /* Release */,
			);
			defaultConfigurationIsVisible = 0;
			defaultConfigurationName = Release;
		};
/* End XCConfigurationList section */

/* Begin XCRemoteSwiftPackageReference section */
		7A0000162FD2B00100A10001 /* XCRemoteSwiftPackageReference "posthog-ios" */ = {
			isa = XCRemoteSwiftPackageReference;
			repositoryURL = "https://github.com/PostHog/posthog-ios.git";
			requirement = {
				kind = upToNextMajorVersion;
				minimumVersion = 3.59.3;
			};
		};
/* End XCRemoteSwiftPackageReference section */

/* Begin XCSwiftPackageProductDependency section */
		7A0000152FD2B00100A10001 /* PostHog */ = {
			isa = XCSwiftPackageProductDependency;
			package = 7A0000162FD2B00100A10001 /* XCRemoteSwiftPackageReference "posthog-ios" */;
			productName = PostHog;
		};
/* End XCSwiftPackageProductDependency section */
	};
	rootObject = 8E860E282FC59E4C00D2BC2B /* Project object */;
}
